
Microsoft Visual Studio Solution File, Format Version 12.00
# Visual Studio Version 17
VisualStudioVersion = 17.9.34526.213
MinimumVisualStudioVersion = 10.0.40219.1
Project("{2150E333-8FDC-42A3-9474-1A3956D46DE8}") = "src", "src", "{EA5C0D24-2761-4C50-9DEB-0467880012FD}"
EndProject
Project("{9A19103F-16F7-4668-BE54-9A1E7A4F7556}") = "PompProperties.WebUI", "PompProperties.WebUI\PompProperties.WebUI.csproj", "{493E4CE8-B13E-4016-B7BD-9BCFC600580C}"
EndProject
Project("{FAE04EC0-301F-11D3-BF4B-00C04F79EFBC}") = "PompProperties.Domain", "PompProperties.Domain\PompProperties.Domain.csproj", "{98E6855B-2823-4D68-B9BD-022D146DB30F}"
EndProject
Project("{FAE04EC0-301F-11D3-BF4B-00C04F79EFBC}") = "PompProperties.Application", "PompProperties.Application\PompProperties.Application.csproj", "{B6BB6BF8-354B-4C61-BD0A-C94E2A6EA1F1}"
EndProject
Project("{FAE04EC0-301F-11D3-BF4B-00C04F79EFBC}") = "PompProperties.Infrastructure", "PompProperties.Infrastructure\PompProperties.Infrastructure.csproj", "{C26BCE9C-9F7D-4860-83D2-3E9A40264082}"
EndProject
Global
	GlobalSection(SolutionConfigurationPlatforms) = preSolution
		Debug|Any CPU = Debug|Any CPU
		Release|Any CPU = Release|Any CPU
	EndGlobalSection
	GlobalSection(ProjectConfigurationPlatforms) = postSolution
		{493E4CE8-B13E-4016-B7BD-9BCFC600580C}.Debug|Any CPU.ActiveCfg = Debug|Any CPU
		{493E4CE8-B13E-4016-B7BD-9BCFC600580C}.Debug|Any CPU.Build.0 = Debug|Any CPU
		{493E4CE8-B13E-4016-B7BD-9BCFC600580C}.Release|Any CPU.ActiveCfg = Release|Any CPU
		{493E4CE8-B13E-4016-B7BD-9BCFC600580C}.Release|Any CPU.Build.0 = Release|Any CPU
		{98E6855B-2823-4D68-B9BD-022D146DB30F}.Debug|Any CPU.ActiveCfg = Debug|Any CPU
		{98E6855B-2823-4D68-B9BD-022D146DB30F}.Debug|Any CPU.Build.0 = Debug|Any CPU
		{98E6855B-2823-4D68-B9BD-022D146DB30F}.Release|Any CPU.ActiveCfg = Release|Any CPU
		{98E6855B-2823-4D68-B9BD-022D146DB30F}.Release|Any CPU.Build.0 = Release|Any CPU
		{B6BB6BF8-354B-4C61-BD0A-C94E2A6EA1F1}.Debug|Any CPU.ActiveCfg = Debug|Any CPU
		{B6BB6BF8-354B-4C61-BD0A-C94E2A6EA1F1}.Debug|Any CPU.Build.0 = Debug|Any CPU
		{B6BB6BF8-354B-4C61-BD0A-C94E2A6EA1F1}.Release|Any CPU.ActiveCfg = Release|Any CPU
		{B6BB6BF8-354B-4C61-BD0A-C94E2A6EA1F1}.Release|Any CPU.Build.0 = Release|Any CPU
		{C26BCE9C-9F7D-4860-83D2-3E9A40264082}.Debug|Any CPU.ActiveCfg = Debug|Any CPU
		{C26BCE9C-9F7D-4860-83D2-3E9A40264082}.Debug|Any CPU.Build.0 = Debug|Any CPU
		{C26BCE9C-9F7D-4860-83D2-3E9A40264082}.Release|Any CPU.ActiveCfg = Release|Any CPU
		{C26BCE9C-9F7D-4860-83D2-3E9A40264082}.Release|Any CPU.Build.0 = Release|Any CPU
	EndGlobalSection
	GlobalSection(SolutionProperties) = preSolution
		HideSolutionNode = FALSE
	EndGlobalSection
	GlobalSection(NestedProjects) = preSolution
		{493E4CE8-B13E-4016-B7BD-9BCFC600580C} = {EA5C0D24-2761-4C50-9DEB-0467880012FD}
		{98E6855B-2823-4D68-B9BD-022D146DB30F} = {EA5C0D24-2761-4C50-9DEB-0467880012FD}
		{B6BB6BF8-354B-4C61-BD0A-C94E2A6EA1F1} = {EA5C0D24-2761-4C50-9DEB-0467880012FD}
		{C26BCE9C-9F7D-4860-83D2-3E9A40264082} = {EA5C0D24-2761-4C50-9DEB-0467880012FD}
	EndGlobalSection
	GlobalSection(ExtensibilityGlobals) = postSolution
		SolutionGuid = {57A2BEFB-000A-42AD-97FA-35826257B622}
	EndGlobalSection
EndGlobal
